
Microsoft Visual Studio Solution File, Format Version 11.00
# Visual Studio 2010
# SharpDevelop 5.1
Project("{FAE04EC0-301F-11D3-BF4B-00C04F79EFBC}") = "Etapa 1", "Etapa 1\Etapa 1.csproj", "{4DB3F223-BF2B-46F9-867E-1BA86782279B}"
EndProject
Global
	GlobalSection(SolutionConfigurationPlatforms) = preSolution
		Debug|Any CPU = Debug|Any CPU
		Release|Any CPU = Release|Any CPU
	EndGlobalSection
	GlobalSection(ProjectConfigurationPlatforms) = postSolution
		{4DB3F223-BF2B-46F9-867E-1BA86782279B}.Debug|Any CPU.ActiveCfg = Debug|Any CPU
		{4DB3F223-BF2B-46F9-867E-1BA86782279B}.Debug|Any CPU.Build.0 = Debug|Any CPU
		{4DB3F223-BF2B-46F9-867E-1BA86782279B}.Release|Any CPU.ActiveCfg = Release|Any CPU
		{4DB3F223-BF2B-46F9-867E-1BA86782279B}.Release|Any CPU.Build.0 = Release|Any CPU
	EndGlobalSection
EndGlobal
